{
  "name": "nodeconf-eu-2026-node-performance",
  "version": "2.0.0",
  "lockfileVersion": 3,
  "requires": true,
  "packages": {
    "": {
      "name": "nodeconf-eu-2026-node-performance",
      "version": "2.0.0",
      "license": "ISC",
      "dependencies": {
        "lru-cache": "^11.2.6",
        "mitata": "^1.0.34",
        "reveal.js": "^5.2.1"
      },
      "engines": {
        "node": ">=26.1"
      },
      "optionalDependencies": {
        "@nxtedition/cache": "^3.3.12",
        "@nxtedition/shared": "^6.0.8",
        "@nxtedition/slice": "^2.1.1",
        "@nxtedition/timers": "^1.1.16"
      }
    },
    "node_modules/@napi-rs/nice": {
      "version": "1.1.1",
      "resolved": "https://registry.npmjs.org/@napi-rs/nice/-/nice-1.1.1.tgz",
      "integrity": "sha512-xJIPs+bYuc9ASBl+cvGsKbGrJmS6fAKaSZCnT0lhahT5rhA2VVy9/EcIgd2JhtEuFOJNx7UHNn/qiTPTY4nrQw==",
      "license": "MIT",
      "optional": true,
      "engines": {
        "node": ">= 10"
      },
      "funding": {
        "type": "github",
        "url": "https://github.com/sponsors/Brooooooklyn"
      },
      "optionalDependencies": {
        "@napi-rs/nice-android-arm-eabi": "1.1.1",
        "@napi-rs/nice-android-arm64": "1.1.1",
        "@napi-rs/nice-darwin-arm64": "1.1.1",
        "@napi-rs/nice-darwin-x64": "1.1.1",
        "@napi-rs/nice-freebsd-x64": "1.1.1",
        "@napi-rs/nice-linux-arm-gnueabihf": "1.1.1",
        "@napi-rs/nice-linux-arm64-gnu": "1.1.1",
        "@napi-rs/nice-linux-arm64-musl": "1.1.1",
        "@napi-rs/nice-linux-ppc64-gnu": "1.1.1",
        "@napi-rs/nice-linux-riscv64-gnu": "1.1.1",
        "@napi-rs/nice-linux-s390x-gnu": "1.1.1",
        "@napi-rs/nice-linux-x64-gnu": "1.1.1",
        "@napi-rs/nice-linux-x64-musl": "1.1.1",
        "@napi-rs/nice-openharmony-arm64": "1.1.1",
        "@napi-rs/nice-win32-arm64-msvc": "1.1.1",
        "@napi-rs/nice-win32-ia32-msvc": "1.1.1",
        "@napi-rs/nice-win32-x64-msvc": "1.1.1"
      }
    },
    "node_modules/@napi-rs/nice-android-arm-eabi": {
      "version": "1.1.1",
      "resolved": "https://registry.npmjs.org/@napi-rs/nice-android-arm-eabi/-/nice-android-arm-eabi-1.1.1.tgz",
      "integrity": "sha512-kjirL3N6TnRPv5iuHw36wnucNqXAO46dzK9oPb0wj076R5Xm8PfUVA9nAFB5ZNMmfJQJVKACAPd/Z2KYMppthw==",
      "cpu": [
        "arm"
      ],
      "license": "MIT",
      "optional": true,
      "os": [
        "android"
      ],
      "engines": {
        "node": ">= 10"
      }
    },
    "node_modules/@napi-rs/nice-android-arm64": {
      "version": "1.1.1",
      "resolved": "https://registry.npmjs.org/@napi-rs/nice-android-arm64/-/nice-android-arm64-1.1.1.tgz",
      "integrity": "sha512-blG0i7dXgbInN5urONoUCNf+DUEAavRffrO7fZSeoRMJc5qD+BJeNcpr54msPF6qfDD6kzs9AQJogZvT2KD5nw==",
      "cpu": [
        "arm64"
      ],
      "license": "MIT",
      "optional": true,
      "os": [
        "android"
      ],
      "engines": {
        "node": ">= 10"
      }
    },
    "node_modules/@napi-rs/nice-darwin-arm64": {
      "version": "1.1.1",
      "resolved": "https://registry.npmjs.org/@napi-rs/nice-darwin-arm64/-/nice-darwin-arm64-1.1.1.tgz",
      "integrity": "sha512-s/E7w45NaLqTGuOjC2p96pct4jRfo61xb9bU1unM/MJ/RFkKlJyJDx7OJI/O0ll/hrfpqKopuAFDV8yo0hfT7A==",
      "cpu": [
        "arm64"
      ],
      "license": "MIT",
      "optional": true,
      "os": [
        "darwin"
      ],
      "engines": {
        "node": ">= 10"
      }
    },
    "node_modules/@napi-rs/nice-darwin-x64": {
      "version": "1.1.1",
      "resolved": "https://registry.npmjs.org/@napi-rs/nice-darwin-x64/-/nice-darwin-x64-1.1.1.tgz",
      "integrity": "sha512-dGoEBnVpsdcC+oHHmW1LRK5eiyzLwdgNQq3BmZIav+9/5WTZwBYX7r5ZkQC07Nxd3KHOCkgbHSh4wPkH1N1LiQ==",
      "cpu": [
        "x64"
      ],
      "license": "MIT",
      "optional": true,
      "os": [
        "darwin"
      ],
      "engines": {
        "node": ">= 10"
      }
    },
    "node_modules/@napi-rs/nice-freebsd-x64": {
      "version": "1.1.1",
      "resolved": "https://registry.npmjs.org/@napi-rs/nice-freebsd-x64/-/nice-freebsd-x64-1.1.1.tgz",
      "integrity": "sha512-kHv4kEHAylMYmlNwcQcDtXjklYp4FCf0b05E+0h6nDHsZ+F0bDe04U/tXNOqrx5CmIAth4vwfkjjUmp4c4JktQ==",
      "cpu": [
        "x64"
      ],
      "license": "MIT",
      "optional": true,
      "os": [
        "freebsd"
      ],
      "engines": {
        "node": ">= 10"
      }
    },
    "node_modules/@napi-rs/nice-linux-arm-gnueabihf": {
      "version": "1.1.1",
      "resolved": "https://registry.npmjs.org/@napi-rs/nice-linux-arm-gnueabihf/-/nice-linux-arm-gnueabihf-1.1.1.tgz",
      "integrity": "sha512-E1t7K0efyKXZDoZg1LzCOLxgolxV58HCkaEkEvIYQx12ht2pa8hoBo+4OB3qh7e+QiBlp1SRf+voWUZFxyhyqg==",
      "cpu": [
        "arm"
      ],
      "license": "MIT",
      "optional": true,
      "os": [
        "linux"
      ],
      "engines": {
        "node": ">= 10"
      }
    },
    "node_modules/@napi-rs/nice-linux-arm64-gnu": {
      "version": "1.1.1",
      "resolved": "https://registry.npmjs.org/@napi-rs/nice-linux-arm64-gnu/-/nice-linux-arm64-gnu-1.1.1.tgz",
      "integrity": "sha512-CIKLA12DTIZlmTaaKhQP88R3Xao+gyJxNWEn04wZwC2wmRapNnxCUZkVwggInMJvtVElA+D4ZzOU5sX4jV+SmQ==",
      "cpu": [
        "arm64"
      ],
      "license": "MIT",
      "optional": true,
      "os": [
        "linux"
      ],
      "engines": {
        "node": ">= 10"
      }
    },
    "node_modules/@napi-rs/nice-linux-arm64-musl": {
      "version": "1.1.1",
      "resolved": "https://registry.npmjs.org/@napi-rs/nice-linux-arm64-musl/-/nice-linux-arm64-musl-1.1.1.tgz",
      "integrity": "sha512-+2Rzdb3nTIYZ0YJF43qf2twhqOCkiSrHx2Pg6DJaCPYhhaxbLcdlV8hCRMHghQ+EtZQWGNcS2xF4KxBhSGeutg==",
      "cpu": [
        "arm64"
      ],
      "license": "MIT",
      "optional": true,
      "os": [
        "linux"
      ],
      "engines": {
        "node": ">= 10"
      }
    },
    "node_modules/@napi-rs/nice-linux-ppc64-gnu": {
      "version": "1.1.1",
      "resolved": "https://registry.npmjs.org/@napi-rs/nice-linux-ppc64-gnu/-/nice-linux-ppc64-gnu-1.1.1.tgz",
      "integrity": "sha512-4FS8oc0GeHpwvv4tKciKkw3Y4jKsL7FRhaOeiPei0X9T4Jd619wHNe4xCLmN2EMgZoeGg+Q7GY7BsvwKpL22Tg==",
      "cpu": [
        "ppc64"
      ],
      "license": "MIT",
      "optional": true,
      "os": [
        "linux"
      ],
      "engines": {
        "node": ">= 10"
      }
    },
    "node_modules/@napi-rs/nice-linux-riscv64-gnu": {
      "version": "1.1.1",
      "resolved": "https://registry.npmjs.org/@napi-rs/nice-linux-riscv64-gnu/-/nice-linux-riscv64-gnu-1.1.1.tgz",
      "integrity": "sha512-HU0nw9uD4FO/oGCCk409tCi5IzIZpH2agE6nN4fqpwVlCn5BOq0MS1dXGjXaG17JaAvrlpV5ZeyZwSon10XOXw==",
      "cpu": [
        "riscv64"
      ],
      "license": "MIT",
      "optional": true,
      "os": [
        "linux"
      ],
      "engines": {
        "node": ">= 10"
      }
    },
    "node_modules/@napi-rs/nice-linux-s390x-gnu": {
      "version": "1.1.1",
      "resolved": "https://registry.npmjs.org/@napi-rs/nice-linux-s390x-gnu/-/nice-linux-s390x-gnu-1.1.1.tgz",
      "integrity": "sha512-2YqKJWWl24EwrX0DzCQgPLKQBxYDdBxOHot1KWEq7aY2uYeX+Uvtv4I8xFVVygJDgf6/92h9N3Y43WPx8+PAgQ==",
      "cpu": [
        "s390x"
      ],
      "license": "MIT",
      "optional": true,
      "os": [
        "linux"
      ],
      "engines": {
        "node": ">= 10"
      }
    },
    "node_modules/@napi-rs/nice-linux-x64-gnu": {
      "version": "1.1.1",
      "resolved": "https://registry.npmjs.org/@napi-rs/nice-linux-x64-gnu/-/nice-linux-x64-gnu-1.1.1.tgz",
      "integrity": "sha512-/gaNz3R92t+dcrfCw/96pDopcmec7oCcAQ3l/M+Zxr82KT4DljD37CpgrnXV+pJC263JkW572pdbP3hP+KjcIg==",
      "cpu": [
        "x64"
      ],
      "license": "MIT",
      "optional": true,
      "os": [
        "linux"
      ],
      "engines": {
        "node": ">= 10"
      }
    },
    "node_modules/@napi-rs/nice-linux-x64-musl": {
      "version": "1.1.1",
      "resolved": "https://registry.npmjs.org/@napi-rs/nice-linux-x64-musl/-/nice-linux-x64-musl-1.1.1.tgz",
      "integrity": "sha512-xScCGnyj/oppsNPMnevsBe3pvNaoK7FGvMjT35riz9YdhB2WtTG47ZlbxtOLpjeO9SqqQ2J2igCmz6IJOD5JYw==",
      "cpu": [
        "x64"
      ],
      "license": "MIT",
      "optional": true,
      "os": [
        "linux"
      ],
      "engines": {
        "node": ">= 10"
      }
    },
    "node_modules/@napi-rs/nice-openharmony-arm64": {
      "version": "1.1.1",
      "resolved": "https://registry.npmjs.org/@napi-rs/nice-openharmony-arm64/-/nice-openharmony-arm64-1.1.1.tgz",
      "integrity": "sha512-6uJPRVwVCLDeoOaNyeiW0gp2kFIM4r7PL2MczdZQHkFi9gVlgm+Vn+V6nTWRcu856mJ2WjYJiumEajfSm7arPQ==",
      "cpu": [
        "arm64"
      ],
      "license": "MIT",
      "optional": true,
      "os": [
        "openharmony"
      ],
      "engines": {
        "node": ">= 10"
      }
    },
    "node_modules/@napi-rs/nice-win32-arm64-msvc": {
      "version": "1.1.1",
      "resolved": "https://registry.npmjs.org/@napi-rs/nice-win32-arm64-msvc/-/nice-win32-arm64-msvc-1.1.1.tgz",
      "integrity": "sha512-uoTb4eAvM5B2aj/z8j+Nv8OttPf2m+HVx3UjA5jcFxASvNhQriyCQF1OB1lHL43ZhW+VwZlgvjmP5qF3+59atA==",
      "cpu": [
        "arm64"
      ],
      "license": "MIT",
      "optional": true,
      "os": [
        "win32"
      ],
      "engines": {
        "node": ">= 10"
      }
    },
    "node_modules/@napi-rs/nice-win32-ia32-msvc": {
      "version": "1.1.1",
      "resolved": "https://registry.npmjs.org/@napi-rs/nice-win32-ia32-msvc/-/nice-win32-ia32-msvc-1.1.1.tgz",
      "integrity": "sha512-CNQqlQT9MwuCsg1Vd/oKXiuH+TcsSPJmlAFc5frFyX/KkOh0UpBLEj7aoY656d5UKZQMQFP7vJNa1DNUNORvug==",
      "cpu": [
        "ia32"
      ],
      "license": "MIT",
      "optional": true,
      "os": [
        "win32"
      ],
      "engines": {
        "node": ">= 10"
      }
    },
    "node_modules/@napi-rs/nice-win32-x64-msvc": {
      "version": "1.1.1",
      "resolved": "https://registry.npmjs.org/@napi-rs/nice-win32-x64-msvc/-/nice-win32-x64-msvc-1.1.1.tgz",
      "integrity": "sha512-vB+4G/jBQCAh0jelMTY3+kgFy00Hlx2f2/1zjMoH821IbplbWZOkLiTYXQkygNTzQJTq5cvwBDgn2ppHD+bglQ==",
      "cpu": [
        "x64"
      ],
      "license": "MIT",
      "optional": true,
      "os": [
        "win32"
      ],
      "engines": {
        "node": ">= 10"
      }
    },
    "node_modules/@nxtedition/cache": {
      "version": "3.3.12",
      "resolved": "https://registry.npmjs.org/@nxtedition/cache/-/cache-3.3.12.tgz",
      "integrity": "sha512-wEKkMaWE4TKWOYxFK5FaeFMBVdx7lmrOhDvOBL4BqZ7XsanlZ5Ng8bkICJMCKdynSogk9IB1eaZvQ9EZCt0L5Q==",
      "license": "MIT",
      "optional": true,
      "dependencies": {
        "@nxtedition/error": "^2.0.4",
        "@nxtedition/histogram": "^1.0.12",
        "@nxtedition/shared": "^6.0.8",
        "@nxtedition/trace": "^2.0.7",
        "piscina": "^5.3.0",
        "undici": "^8.10.1",
        "xxhash-wasm": "^1.1.0"
      },
      "engines": {
        "node": ">=26"
      }
    },
    "node_modules/@nxtedition/error": {
      "version": "2.0.4",
      "resolved": "https://registry.npmjs.org/@nxtedition/error/-/error-2.0.4.tgz",
      "integrity": "sha512-mU/ScU6abVZEgUWX9fmZjH4zFxbcGwo4ME0yni9rgDs2GV2akijTauOAOgJPnyHR+VKTP6ymBRK77AVxIFchYw==",
      "license": "UNLICENSED",
      "optional": true,
      "dependencies": {
        "object-hash": "^3.0.0"
      },
      "engines": {
        "node": ">=26"
      }
    },
    "node_modules/@nxtedition/histogram": {
      "version": "1.0.12",
      "resolved": "https://registry.npmjs.org/@nxtedition/histogram/-/histogram-1.0.12.tgz",
      "integrity": "sha512-rdC3i7+k60NqCxjNwg8/camzMd04LCVWFG41OPrLyNKLqhUGthXypzmvayewBNmqRmaTeTwUgBgQsncRFtO6UQ==",
      "license": "MIT",
      "optional": true,
      "engines": {
        "node": ">=26.8.0"
      }
    },
    "node_modules/@nxtedition/nxt-undici": {
      "version": "8.2.4",
      "resolved": "https://registry.npmjs.org/@nxtedition/nxt-undici/-/nxt-undici-8.2.4.tgz",
      "integrity": "sha512-TycoG6bsmttGfHLLRsVq7fE/9Wt7iL8YOy6hDJxk54C9cJujSx2U6X6UYTsfRobHCVvb9DdUKczm5PWksuw+rA==",
      "license": "MIT",
      "optional": true,
      "dependencies": {
        "@nxtedition/scheduler": "^5.0.0",
        "@nxtedition/trace": "^2.0.0",
        "@nxtedition/undici": "^12.0.0",
        "fast-querystring": "^1.1.2",
        "http-errors": "^2.0.1",
        "undici-types": "^8.7.0",
        "xxhash-wasm": "^1.1.0"
      },
      "engines": {
        "node": ">=26"
      }
    },
    "node_modules/@nxtedition/scheduler": {
      "version": "5.0.10",
      "resolved": "https://registry.npmjs.org/@nxtedition/scheduler/-/scheduler-5.0.10.tgz",
      "integrity": "sha512-F892DHYXSW93LT3AC6uVisl2Uc7/rdYbrnzq+GH6tpveGA/YR156UlXY/xc20uMVtB4mgby26un55g7sAzTMeg==",
      "license": "MIT",
      "optional": true,
      "dependencies": {
        "@nxtedition/trace": "^2.0.6"
      }
    },
    "node_modules/@nxtedition/shared": {
      "version": "6.0.8",
      "resolved": "https://registry.npmjs.org/@nxtedition/shared/-/shared-6.0.8.tgz",
      "integrity": "sha512-R+I+PDKv7F48pDfaFaVfVdHsT0eOnpuOI62D7RJKc05aPp+pOHxUu9sYKHtXrPBnM2sn9k0jDU1PbvQfHW/n3A==",
      "hasInstallScript": true,
      "license": "MIT",
      "optional": true,
      "dependencies": {
        "node-gyp-build": "^4.8.4"
      },
      "engines": {
        "node": ">=26.1"
      }
    },
    "node_modules/@nxtedition/slice": {
      "version": "2.1.1",
      "resolved": "https://registry.npmjs.org/@nxtedition/slice/-/slice-2.1.1.tgz",
      "integrity": "sha512-kq+c3/r71q8NA0q01dNCy5lVRd7uqgThtnQWsnlLevIkHV8m/0u1egmkDW0vNmGdQWEIxVsoOXj32YoVzhu9Yw==",
      "hasInstallScript": true,
      "license": "MIT",
      "optional": true,
      "dependencies": {
        "node-gyp-build": "^4.8.4"
      },
      "engines": {
        "node": ">=26"
      }
    },
    "node_modules/@nxtedition/timers": {
      "version": "1.1.16",
      "resolved": "https://registry.npmjs.org/@nxtedition/timers/-/timers-1.1.16.tgz",
      "integrity": "sha512-0mAu+zKhDwaGXkSbbOyX1d0DiVBD1T5SFmqVUcRLoMYFisDvornEgp5+r7i4U4wXwcihF3772f6prxSzl80G2A==",
      "license": "MIT",
      "optional": true,
      "dependencies": {
        "@nxtedition/yield": "^1.0.28"
      }
    },
    "node_modules/@nxtedition/trace": {
      "version": "2.0.7",
      "resolved": "https://registry.npmjs.org/@nxtedition/trace/-/trace-2.0.7.tgz",
      "integrity": "sha512-vAXwZo+U14x/A1xbA4bIwnHAzrKg3tJKjNBebTnLrxane2G8QqsHf4rH9v9D0D21g6O0sm5F9X8O2Kz2Ozd4ww==",
      "license": "MIT",
      "optional": true,
      "dependencies": {
        "@nxtedition/nxt-undici": "^8.1.6",
        "rxjs": "^7.8.2"
      }
    },
    "node_modules/@nxtedition/undici": {
      "version": "12.3.1",
      "resolved": "https://registry.npmjs.org/@nxtedition/undici/-/undici-12.3.1.tgz",
      "integrity": "sha512-7d8Yyj+NRP25jfCHq1CeJOQfDOerbCdR6k/AbpbKzv1AEMcltB5n09wp/S1XsKo6t7Hy6C7T+KGkiaExiahT6w==",
      "license": "MIT",
      "optional": true,
      "engines": {
        "node": ">=26.0.0"
      }
    },
    "node_modules/@nxtedition/yield": {
      "version": "1.0.28",
      "resolved": "https://registry.npmjs.org/@nxtedition/yield/-/yield-1.0.28.tgz",
      "integrity": "sha512-oYGjKiu/mLcAQIPtau2mBjcAgy+mkia67Ih/S5p8g70stEj1HTyLMlKO6RB+6LVzJGeBht5w1M2qysu/WlBTvg==",
      "license": "MIT",
      "optional": true
    },
    "node_modules/depd": {
      "version": "2.0.0",
      "resolved": "https://registry.npmjs.org/depd/-/depd-2.0.0.tgz",
      "integrity": "sha512-g7nH6P6dyDioJogAAGprGpCtVImJhpPk/roCzdb3fIh61/s/nPsfR6onyMwkCAR/OlC3yBC0lESvUoQEAssIrw==",
      "license": "MIT",
      "optional": true,
      "engines": {
        "node": ">= 0.8"
      }
    },
    "node_modules/fast-decode-uri-component": {
      "version": "1.0.1",
      "resolved": "https://registry.npmjs.org/fast-decode-uri-component/-/fast-decode-uri-component-1.0.1.tgz",
      "integrity": "sha512-WKgKWg5eUxvRZGwW8FvfbaH7AXSh2cL+3j5fMGzUMCxWBJ3dV3a7Wz8y2f/uQ0e3B6WmodD3oS54jTQ9HVTIIg==",
      "license": "MIT",
      "optional": true
    },
    "node_modules/fast-querystring": {
      "version": "1.1.2",
      "resolved": "https://registry.npmjs.org/fast-querystring/-/fast-querystring-1.1.2.tgz",
      "integrity": "sha512-g6KuKWmFXc0fID8WWH0jit4g0AGBoJhCkJMb1RmbsSEUNvQ+ZC8D6CUZ+GtF8nMzSPXnhiePyyqqipzNNEnHjg==",
      "license": "MIT",
      "optional": true,
      "dependencies": {
        "fast-decode-uri-component": "^1.0.1"
      }
    },
    "node_modules/http-errors": {
      "version": "2.0.1",
      "resolved": "https://registry.npmjs.org/http-errors/-/http-errors-2.0.1.tgz",
      "integrity": "sha512-4FbRdAX+bSdmo4AUFuS0WNiPz8NgFt+r8ThgNWmlrjQjt1Q7ZR9+zTlce2859x4KSXrwIsaeTqDoKQmtP8pLmQ==",
      "license": "MIT",
      "optional": true,
      "dependencies": {
        "depd": "~2.0.0",
        "inherits": "~2.0.4",
        "setprototypeof": "~1.2.0",
        "statuses": "~2.0.2",
        "toidentifier": "~1.0.1"
      },
      "engines": {
        "node": ">= 0.8"
      },
      "funding": {
        "type": "opencollective",
        "url": "https://opencollective.com/express"
      }
    },
    "node_modules/inherits": {
      "version": "2.0.4",
      "resolved": "https://registry.npmjs.org/inherits/-/inherits-2.0.4.tgz",
      "integrity": "sha512-k/vGaX4/Yla3WzyMCvTQOXYeIHvqOKtnqBduzTHpzpQZzAskKMhZ2K+EnBiSM9zGSoIFeMpXKxa4dYeZIQqewQ==",
      "license": "ISC",
      "optional": true
    },
    "node_modules/lru-cache": {
      "version": "11.2.6",
      "resolved": "https://registry.npmjs.org/lru-cache/-/lru-cache-11.2.6.tgz",
      "integrity": "sha512-ESL2CrkS/2wTPfuend7Zhkzo2u0daGJ/A2VucJOgQ/C48S/zB8MMeMHSGKYpXhIjbPxfuezITkaBH1wqv00DDQ==",
      "license": "BlueOak-1.0.0",
      "engines": {
        "node": "20 || >=22"
      }
    },
    "node_modules/mitata": {
      "version": "1.0.34",
      "resolved": "https://registry.npmjs.org/mitata/-/mitata-1.0.34.tgz",
      "integrity": "sha512-Mc3zrtNBKIMeHSCQ0XqRLo1vbdIx1wvFV9c8NJAiyho6AjNfMY8bVhbS12bwciUdd1t4rj8099CH3N3NFahaUA==",
      "license": "MIT"
    },
    "node_modules/node-gyp-build": {
      "version": "4.8.4",
      "resolved": "https://registry.npmjs.org/node-gyp-build/-/node-gyp-build-4.8.4.tgz",
      "integrity": "sha512-LA4ZjwlnUblHVgq0oBF3Jl/6h/Nvs5fzBLwdEF4nuxnFdsfajde4WfxtJr3CaiH+F6ewcIB/q4jQ4UzPyid+CQ==",
      "license": "MIT",
      "optional": true,
      "bin": {
        "node-gyp-build": "bin.js",
        "node-gyp-build-optional": "optional.js",
        "node-gyp-build-test": "build-test.js"
      }
    },
    "node_modules/object-hash": {
      "version": "3.0.0",
      "resolved": "https://registry.npmjs.org/object-hash/-/object-hash-3.0.0.tgz",
      "integrity": "sha512-RSn9F68PjH9HqtltsSnqYC1XXoWe9Bju5+213R98cNGttag9q9yAOTzdbsqvIa7aNm5WffBZFpWYr2aWrklWAw==",
      "license": "MIT",
      "optional": true,
      "engines": {
        "node": ">= 6"
      }
    },
    "node_modules/piscina": {
      "version": "5.3.2",
      "resolved": "https://registry.npmjs.org/piscina/-/piscina-5.3.2.tgz",
      "integrity": "sha512-vv7l/mM7B9WgrhDaudIqv1x6v4LOBRYYmpWGdWushhpbCmVHp11sUB2v4hj1CAeTGXVxuZFz6xOU1RalAiPKfQ==",
      "license": "MIT",
      "optional": true,
      "engines": {
        "node": ">=20.x"
      },
      "optionalDependencies": {
        "@napi-rs/nice": "^1.0.4"
      }
    },
    "node_modules/reveal.js": {
      "version": "5.2.1",
      "resolved": "https://registry.npmjs.org/reveal.js/-/reveal.js-5.2.1.tgz",
      "integrity": "sha512-r7//6mIM5p34hFiDMvYfXgyjXqGRta+/psd9YtytsgRlrpRzFv4RbH76TXd2qD+7ZPZEbpBDhdRhJaFgfQ7zNQ==",
      "license": "MIT",
      "engines": {
        "node": ">=18.0.0"
      }
    },
    "node_modules/rxjs": {
      "version": "7.8.2",
      "resolved": "https://registry.npmjs.org/rxjs/-/rxjs-7.8.2.tgz",
      "integrity": "sha512-dhKf903U/PQZY6boNNtAGdWbG85WAbjT/1xYoZIC7FAY0yWapOBQVsVrDl58W86//e1VpMNBtRV4MaXfdMySFA==",
      "license": "Apache-2.0",
      "optional": true,
      "dependencies": {
        "tslib": "^2.1.0"
      }
    },
    "node_modules/setprototypeof": {
      "version": "1.2.0",
      "resolved": "https://registry.npmjs.org/setprototypeof/-/setprototypeof-1.2.0.tgz",
      "integrity": "sha512-E5LDX7Wrp85Kil5bhZv46j8jOeboKq5JMmYM3gVGdGH8xFpPWXUMsNrlODCrkoxMEeNi/XZIwuRvY4XNwYMJpw==",
      "license": "ISC",
      "optional": true
    },
    "node_modules/statuses": {
      "version": "2.0.2",
      "resolved": "https://registry.npmjs.org/statuses/-/statuses-2.0.2.tgz",
      "integrity": "sha512-DvEy55V3DB7uknRo+4iOGT5fP1slR8wQohVdknigZPMpMstaKJQWhwiYBACJE3Ul2pTnATihhBYnRhZQHGBiRw==",
      "license": "MIT",
      "optional": true,
      "engines": {
        "node": ">= 0.8"
      }
    },
    "node_modules/toidentifier": {
      "version": "1.0.1",
      "resolved": "https://registry.npmjs.org/toidentifier/-/toidentifier-1.0.1.tgz",
      "integrity": "sha512-o5sSPKEkg/DIQNmH43V0/uerLrpzVedkUh8tGNvaeXpfpuwjKenlSox/2O/BTlZUtEe+JG7s5YhEz608PlAHRA==",
      "license": "MIT",
      "optional": true,
      "engines": {
        "node": ">=0.6"
      }
    },
    "node_modules/tslib": {
      "version": "2.8.1",
      "resolved": "https://registry.npmjs.org/tslib/-/tslib-2.8.1.tgz",
      "integrity": "sha512-oJFu94HQb+KVduSUQL7wnpmqnfmLsOA/nAh6b6EH0wCEoK0/mPeXU6c3wKDV83MkOuHPRHtSXKKU99IBazS/2w==",
      "license": "0BSD",
      "optional": true
    },
    "node_modules/undici": {
      "version": "8.11.2",
      "resolved": "https://registry.npmjs.org/undici/-/undici-8.11.2.tgz",
      "integrity": "sha512-u4UB2/IrKdU6lFxumHmmo1a3fCQO5tzQllRorfoRS63txhrB7xTpSn1PftwC4qEHkOaqP95fCWW4lJzwErwzhQ==",
      "license": "MIT",
      "optional": true,
      "engines": {
        "node": ">=22.19.0"
      }
    },
    "node_modules/undici-types": {
      "version": "8.11.2",
      "resolved": "https://registry.npmjs.org/undici-types/-/undici-types-8.11.2.tgz",
      "integrity": "sha512-iMVNmWZ0leK/goS6eXMizSzmm9CDWtyphwbaCms3DNLqRxDL+mMoNVcZMTyyVgXP0N+Z8neAMzDoUOUJL8veKg==",
      "license": "MIT",
      "optional": true
    },
    "node_modules/xxhash-wasm": {
      "version": "1.1.0",
      "resolved": "https://registry.npmjs.org/xxhash-wasm/-/xxhash-wasm-1.1.0.tgz",
      "integrity": "sha512-147y/6YNh+tlp6nd/2pWq38i9h6mz/EuQ6njIrmW8D1BS5nCqs0P6DG+m6zTGnNz5I+uhZ0SHxBs9BsPrwcKDA==",
      "license": "MIT",
      "optional": true
    }
  }
}
